
Microsoft Visual Studio Solution File, Format Version 12.00
# Visual Studio Version 17
VisualStudioVersion = 17.14.36414.22
MinimumVisualStudioVersion = 10.0.40219.1
Project("{2150E333-8FDC-42A3-9474-1A3956D46DE8}") = "Task0", "Task0", "{2BD45483-6E08-8D8D-8130-F11346EE9468}"
EndProject
Project("{FAE04EC0-301F-11D3-BF4B-00C04F79EFBC}") = "Tyuiu.LazutinVS.Sprint2.Task0.V21", "Tyuiu.LazutinVS.Sprint2.Task0.V21\Tyuiu.LazutinVS.Sprint2.Task0.V21.csproj", "{537796F2-8DD3-497A-B7B0-BE6AA5CCADA6}"
EndProject
Project("{FAE04EC0-301F-11D3-BF4B-00C04F79EFBC}") = "Tyuiu.LazutinVS.Sprint2.Task0.V21.Lib", "Tyuiu.LazutinVS.Sprint2.Task0.V21.Lib\Tyuiu.LazutinVS.Sprint2.Task0.V21.Lib.csproj", "{E15240A1-C470-48CB-851C-8CB432FDE8F5}"
EndProject
Project("{FAE04EC0-301F-11D3-BF4B-00C04F79EFBC}") = "Tyuiu.LazutinVS.Sprint2.Task0.V21.Test", "Tyuiu.LazutinVS.Sprint2.Task0.V21.Test\Tyuiu.LazutinVS.Sprint2.Task0.V21.Test.csproj", "{42CCF5A8-FEB5-484C-A5B0-568E2653DC25}"
EndProject
Project("{2150E333-8FDC-42A3-9474-1A3956D46DE8}") = "Task1", "Task1", "{36D591C7-65C7-A0D1-1CBC-10CDE441BDC8}"
EndProject
Project("{FAE04EC0-301F-11D3-BF4B-00C04F79EFBC}") = "Tyuiu.LazutinVS.Sprint2.Task1.V8", "Tyuiu.LazutinVS.Sprint2.Task1.V8\Tyuiu.LazutinVS.Sprint2.Task1.V8.csproj", "{48996E6E-5AFC-4EE5-BBD1-FD767295EBF9}"
EndProject
Project("{FAE04EC0-301F-11D3-BF4B-00C04F79EFBC}") = "Tyuiu.LazutinVS.Sprint2.Task1.V8.Lib", "Tyuiu.LazutinVS.Sprint2.Task1.V8.Lib\Tyuiu.LazutinVS.Sprint2.Task1.V8.Lib.csproj", "{3F7E067A-66B5-4BC8-9AB5-469074F14913}"
EndProject
Project("{FAE04EC0-301F-11D3-BF4B-00C04F79EFBC}") = "Tyuiu.LazutinVS.Sprint2.Task1.V8.Test", "Tyuiu.LazutinVS.Sprint2.Task1.V8.Test\Tyuiu.LazutinVS.Sprint2.Task1.V8.Test.csproj", "{03BFC206-20FA-4B68-B0D0-6F3FAE91A7C5}"
EndProject
Project("{2150E333-8FDC-42A3-9474-1A3956D46DE8}") = "Task2", "Task2", "{640163F2-B250-4B31-BE9F-AB27AF754973}"
EndProject
Project("{FAE04EC0-301F-11D3-BF4B-00C04F79EFBC}") = "Tyuiu.LazutinVS.Sprint2.Task2.V25", "Tyuiu.LazutinVS.Sprint2.Task2.V25\Tyuiu.LazutinVS.Sprint2.Task2.V25.csproj", "{4DE85035-C036-409F-B4B3-D64CE3ED68C2}"
EndProject
Project("{FAE04EC0-301F-11D3-BF4B-00C04F79EFBC}") = "Tyuiu.LazutinVS.Sprint2.Task2.V25.Lib", "Tyuiu.LazutinVS.Sprint2.Task2.V25.Lib\Tyuiu.LazutinVS.Sprint2.Task2.V25.Lib.csproj", "{01109873-8376-40B3-BD35-AD8065139822}"
EndProject
Project("{FAE04EC0-301F-11D3-BF4B-00C04F79EFBC}") = "Tyuiu.LazutinVS.Sprint2.Task2.V25.Test", "Tyuiu.LazutinVS.Sprint2.Task2.V25.Test\Tyuiu.LazutinVS.Sprint2.Task2.V25.Test.csproj", "{EF76DF04-3B79-4858-B874-F6A663DB4F53}"
EndProject
Project("{2150E333-8FDC-42A3-9474-1A3956D46DE8}") = "Task3", "Task3", "{81CE2B6E-748C-4ACD-AA2C-939E15F5DE89}"
EndProject
Project("{FAE04EC0-301F-11D3-BF4B-00C04F79EFBC}") = "Tyuiu.LazutinVS.Sprint2.Task3.V3", "Tyuiu.LazutinVS.Sprint2.Task3.V3\Tyuiu.LazutinVS.Sprint2.Task3.V3.csproj", "{57D38EE8-38F8-4911-91FF-A6734D1F0505}"
EndProject
Project("{FAE04EC0-301F-11D3-BF4B-00C04F79EFBC}") = "Tyuiu.LazutinVS.Sprint2.Task3.V3.Test", "Tyuiu.LazutinVS.Sprint2.Task3.V3.Test\Tyuiu.LazutinVS.Sprint2.Task3.V3.Test.csproj", "{92B3522C-AADB-4FB2-9C95-DEF374EE3E49}"
EndProject
Project("{FAE04EC0-301F-11D3-BF4B-00C04F79EFBC}") = "Tyuiu.LazutinVS.Sprint2.Task3.V3.Lib", "Tyuiu.LazutinVS.Sprint2.Task3.V3.Lib\Tyuiu.LazutinVS.Sprint2.Task3.V3.Lib.csproj", "{07EC6474-1A4F-4049-AE1F-9A75CAC08AC4}"
EndProject
Project("{2150E333-8FDC-42A3-9474-1A3956D46DE8}") = "Task4", "Task4", "{886C4F6D-5CAF-4046-845A-2E2F2D0A02EC}"
EndProject
Project("{FAE04EC0-301F-11D3-BF4B-00C04F79EFBC}") = "Tyuiu.LazutinVS.Sprint2.Task4.V28", "Tyuiu.LazutinVS.Sprint2.Task4.V28\Tyuiu.LazutinVS.Sprint2.Task4.V28.csproj", "{D6D54DE4-B2FD-40C1-B829-456426FAC4DF}"
EndProject
Project("{FAE04EC0-301F-11D3-BF4B-00C04F79EFBC}") = "Tyuiu.LazutinVS.Sprint2.Task4.V28.Lib", "Tyuiu.LazutinVS.Sprint2.Task4.V28.Lib\Tyuiu.LazutinVS.Sprint2.Task4.V28.Lib.csproj", "{76734EC1-ED21-4F60-B2D4-1A9EA7084588}"
EndProject
Project("{FAE04EC0-301F-11D3-BF4B-00C04F79EFBC}") = "Tyuiu.LazutinVS.Sprint2.Task4.V28.Test", "Tyuiu.LazutinVS.Sprint2.Task4.V28.Test\Tyuiu.LazutinVS.Sprint2.Task4.V28.Test.csproj", "{40A0BC45-EA2E-4523-B3F1-597416F7D2AA}"
EndProject
Project("{2150E333-8FDC-42A3-9474-1A3956D46DE8}") = "Task5", "Task5", "{926D5DAF-ABA7-4A9A-92E2-C49E8B8763A5}"
EndProject
Project("{FAE04EC0-301F-11D3-BF4B-00C04F79EFBC}") = "Tyuiu.LazutinVS.Sprint2.Task5.V3", "Tyuiu.LazutinVS.Sprint2.Task5.V3\Tyuiu.LazutinVS.Sprint2.Task5.V3.csproj", "{87E7EA63-FCB3-48C8-A021-93A7050A9FEB}"
EndProject
Project("{FAE04EC0-301F-11D3-BF4B-00C04F79EFBC}") = "Tyuiu.LazutinVS.Sprint2.Task5.V3.Lib", "Tyuiu.LazutinVS.Sprint2.Task5.V3.Lib\Tyuiu.LazutinVS.Sprint2.Task5.V3.Lib.csproj", "{25EDE11C-85C8-4FA5-B3AF-A5379D630F43}"
EndProject
Project("{FAE04EC0-301F-11D3-BF4B-00C04F79EFBC}") = "Tyuiu.LazutinVS.Sprint2.Task5.V3.Test", "Tyuiu.LazutinVS.Sprint2.Task5.V3.Test\Tyuiu.LazutinVS.Sprint2.Task5.V3.Test.csproj", "{2F9E0857-2DD1-4BF7-9E61-4AF1C279849B}"
EndProject
Project("{2150E333-8FDC-42A3-9474-1A3956D46DE8}") = "Task6", "Task6", "{4F45FA36-A522-489C-817F-543AE1DC4547}"
EndProject
Project("{FAE04EC0-301F-11D3-BF4B-00C04F79EFBC}") = "Tyuiu.LazutinVS.Sprint2.Task6.V12", "Tyuiu.LazutinVS.Sprint2.Task6.V12\Tyuiu.LazutinVS.Sprint2.Task6.V12.csproj", "{577E09A4-F9D3-4DA5-B156-90F644BCF252}"
EndProject
Project("{FAE04EC0-301F-11D3-BF4B-00C04F79EFBC}") = "Tyuiu.LazutinVS.Sprint2.Task6.V12.Lib", "Tyuiu.LazutinVS.Sprint2.Task6.V12.Lib\Tyuiu.LazutinVS.Sprint2.Task6.V12.Lib.csproj", "{DA0A15A3-47A8-46AA-B24D-EC85D46BF169}"
EndProject
Project("{FAE04EC0-301F-11D3-BF4B-00C04F79EFBC}") = "Tyuiu.LazutinVS.Sprint2.Task6.V12.Test", "Tyuiu.LazutinVS.Sprint2.Task6.V12.Test\Tyuiu.LazutinVS.Sprint2.Task6.V12.Test.csproj", "{F2458A22-F086-4A81-A5CE-59559A2EC63E}"
EndProject
Global
	GlobalSection(SolutionConfigurationPlatforms) = preSolution
		Debug|Any CPU = Debug|Any CPU
		Release|Any CPU = Release|Any CPU
	EndGlobalSection
	GlobalSection(ProjectConfigurationPlatforms) = postSolution
		{537796F2-8DD3-497A-B7B0-BE6AA5CCADA6}.Debug|Any CPU.ActiveCfg = Debug|Any CPU
		{537796F2-8DD3-497A-B7B0-BE6AA5CCADA6}.Debug|Any CPU.Build.0 = Debug|Any CPU
		{537796F2-8DD3-497A-B7B0-BE6AA5CCADA6}.Release|Any CPU.ActiveCfg = Release|Any CPU
		{537796F2-8DD3-497A-B7B0-BE6AA5CCADA6}.Release|Any CPU.Build.0 = Release|Any CPU
		{E15240A1-C470-48CB-851C-8CB432FDE8F5}.Debug|Any CPU.ActiveCfg = Debug|Any CPU
		{E15240A1-C470-48CB-851C-8CB432FDE8F5}.Debug|Any CPU.Build.0 = Debug|Any CPU
		{E15240A1-C470-48CB-851C-8CB432FDE8F5}.Release|Any CPU.ActiveCfg = Release|Any CPU
		{E15240A1-C470-48CB-851C-8CB432FDE8F5}.Release|Any CPU.Build.0 = Release|Any CPU
		{42CCF5A8-FEB5-484C-A5B0-568E2653DC25}.Debug|Any CPU.ActiveCfg = Debug|Any CPU
		{42CCF5A8-FEB5-484C-A5B0-568E2653DC25}.Debug|Any CPU.Build.0 = Debug|Any CPU
		{42CCF5A8-FEB5-484C-A5B0-568E2653DC25}.Release|Any CPU.ActiveCfg = Release|Any CPU
		{42CCF5A8-FEB5-484C-A5B0-568E2653DC25}.Release|Any CPU.Build.0 = Release|Any CPU
		{48996E6E-5AFC-4EE5-BBD1-FD767295EBF9}.Debug|Any CPU.ActiveCfg = Debug|Any CPU
		{48996E6E-5AFC-4EE5-BBD1-FD767295EBF9}.Debug|Any CPU.Build.0 = Debug|Any CPU
		{48996E6E-5AFC-4EE5-BBD1-FD767295EBF9}.Release|Any CPU.ActiveCfg = Release|Any CPU
		{48996E6E-5AFC-4EE5-BBD1-FD767295EBF9}.Release|Any CPU.Build.0 = Release|Any CPU
		{3F7E067A-66B5-4BC8-9AB5-469074F14913}.Debug|Any CPU.ActiveCfg = Debug|Any CPU
		{3F7E067A-66B5-4BC8-9AB5-469074F14913}.Debug|Any CPU.Build.0 = Debug|Any CPU
		{3F7E067A-66B5-4BC8-9AB5-469074F14913}.Release|Any CPU.ActiveCfg = Release|Any CPU
		{3F7E067A-66B5-4BC8-9AB5-469074F14913}.Release|Any CPU.Build.0 = Release|Any CPU
		{03BFC206-20FA-4B68-B0D0-6F3FAE91A7C5}.Debug|Any CPU.ActiveCfg = Debug|Any CPU
		{03BFC206-20FA-4B68-B0D0-6F3FAE91A7C5}.Debug|Any CPU.Build.0 = Debug|Any CPU
		{03BFC206-20FA-4B68-B0D0-6F3FAE91A7C5}.Release|Any CPU.ActiveCfg = Release|Any CPU
		{03BFC206-20FA-4B68-B0D0-6F3FAE91A7C5}.Release|Any CPU.Build.0 = Release|Any CPU
		{4DE85035-C036-409F-B4B3-D64CE3ED68C2}.Debug|Any CPU.ActiveCfg = Debug|Any CPU
		{4DE85035-C036-409F-B4B3-D64CE3ED68C2}.Debug|Any CPU.Build.0 = Debug|Any CPU
		{4DE85035-C036-409F-B4B3-D64CE3ED68C2}.Release|Any CPU.ActiveCfg = Release|Any CPU
		{4DE85035-C036-409F-B4B3-D64CE3ED68C2}.Release|Any CPU.Build.0 = Release|Any CPU
		{01109873-8376-40B3-BD35-AD8065139822}.Debug|Any CPU.ActiveCfg = Debug|Any CPU
		{01109873-8376-40B3-BD35-AD8065139822}.Debug|Any CPU.Build.0 = Debug|Any CPU
		{01109873-8376-40B3-BD35-AD8065139822}.Release|Any CPU.ActiveCfg = Release|Any CPU
		{01109873-8376-40B3-BD35-AD8065139822}.Release|Any CPU.Build.0 = Release|Any CPU
		{EF76DF04-3B79-4858-B874-F6A663DB4F53}.Debug|Any CPU.ActiveCfg = Debug|Any CPU
		{EF76DF04-3B79-4858-B874-F6A663DB4F53}.Debug|Any CPU.Build.0 = Debug|Any CPU
		{EF76DF04-3B79-4858-B874-F6A663DB4F53}.Release|Any CPU.ActiveCfg = Release|Any CPU
		{EF76DF04-3B79-4858-B874-F6A663DB4F53}.Release|Any CPU.Build.0 = Release|Any CPU
		{57D38EE8-38F8-4911-91FF-A6734D1F0505}.Debug|Any CPU.ActiveCfg = Debug|Any CPU
		{57D38EE8-38F8-4911-91FF-A6734D1F0505}.Debug|Any CPU.Build.0 = Debug|Any CPU
		{57D38EE8-38F8-4911-91FF-A6734D1F0505}.Release|Any CPU.ActiveCfg = Release|Any CPU
		{57D38EE8-38F8-4911-91FF-A6734D1F0505}.Release|Any CPU.Build.0 = Release|Any CPU
		{92B3522C-AADB-4FB2-9C95-DEF374EE3E49}.Debug|Any CPU.ActiveCfg = Debug|Any CPU
		{92B3522C-AADB-4FB2-9C95-DEF374EE3E49}.Debug|Any CPU.Build.0 = Debug|Any CPU
		{92B3522C-AADB-4FB2-9C95-DEF374EE3E49}.Release|Any CPU.ActiveCfg = Release|Any CPU
		{92B3522C-AADB-4FB2-9C95-DEF374EE3E49}.Release|Any CPU.Build.0 = Release|Any CPU
		{07EC6474-1A4F-4049-AE1F-9A75CAC08AC4}.Debug|Any CPU.ActiveCfg = Debug|Any CPU
		{07EC6474-1A4F-4049-AE1F-9A75CAC08AC4}.Debug|Any CPU.Build.0 = Debug|Any CPU
		{07EC6474-1A4F-4049-AE1F-9A75CAC08AC4}.Release|Any CPU.ActiveCfg = Release|Any CPU
		{07EC6474-1A4F-4049-AE1F-9A75CAC08AC4}.Release|Any CPU.Build.0 = Release|Any CPU
		{D6D54DE4-B2FD-40C1-B829-456426FAC4DF}.Debug|Any CPU.ActiveCfg = Debug|Any CPU
		{D6D54DE4-B2FD-40C1-B829-456426FAC4DF}.Debug|Any CPU.Build.0 = Debug|Any CPU
		{D6D54DE4-B2FD-40C1-B829-456426FAC4DF}.Release|Any CPU.ActiveCfg = Release|Any CPU
		{D6D54DE4-B2FD-40C1-B829-456426FAC4DF}.Release|Any CPU.Build.0 = Release|Any CPU
		{76734EC1-ED21-4F60-B2D4-1A9EA7084588}.Debug|Any CPU.ActiveCfg = Debug|Any CPU
		{76734EC1-ED21-4F60-B2D4-1A9EA7084588}.Debug|Any CPU.Build.0 = Debug|Any CPU
		{76734EC1-ED21-4F60-B2D4-1A9EA7084588}.Release|Any CPU.ActiveCfg = Release|Any CPU
		{76734EC1-ED21-4F60-B2D4-1A9EA7084588}.Release|Any CPU.Build.0 = Release|Any CPU
		{40A0BC45-EA2E-4523-B3F1-597416F7D2AA}.Debug|Any CPU.ActiveCfg = Debug|Any CPU
		{40A0BC45-EA2E-4523-B3F1-597416F7D2AA}.Debug|Any CPU.Build.0 = Debug|Any CPU
		{40A0BC45-EA2E-4523-B3F1-597416F7D2AA}.Release|Any CPU.ActiveCfg = Release|Any CPU
		{40A0BC45-EA2E-4523-B3F1-597416F7D2AA}.Release|Any CPU.Build.0 = Release|Any CPU
		{87E7EA63-FCB3-48C8-A021-93A7050A9FEB}.Debug|Any CPU.ActiveCfg = Debug|Any CPU
		{87E7EA63-FCB3-48C8-A021-93A7050A9FEB}.Debug|Any CPU.Build.0 = Debug|Any CPU
		{87E7EA63-FCB3-48C8-A021-93A7050A9FEB}.Release|Any CPU.ActiveCfg = Release|Any CPU
		{87E7EA63-FCB3-48C8-A021-93A7050A9FEB}.Release|Any CPU.Build.0 = Release|Any CPU
		{25EDE11C-85C8-4FA5-B3AF-A5379D630F43}.Debug|Any CPU.ActiveCfg = Debug|Any CPU
		{25EDE11C-85C8-4FA5-B3AF-A5379D630F43}.Debug|Any CPU.Build.0 = Debug|Any CPU
		{25EDE11C-85C8-4FA5-B3AF-A5379D630F43}.Release|Any CPU.ActiveCfg = Release|Any CPU
		{25EDE11C-85C8-4FA5-B3AF-A5379D630F43}.Release|Any CPU.Build.0 = Release|Any CPU
		{2F9E0857-2DD1-4BF7-9E61-4AF1C279849B}.Debug|Any CPU.ActiveCfg = Debug|Any CPU
		{2F9E0857-2DD1-4BF7-9E61-4AF1C279849B}.Debug|Any CPU.Build.0 = Debug|Any CPU
		{2F9E0857-2DD1-4BF7-9E61-4AF1C279849B}.Release|Any CPU.ActiveCfg = Release|Any CPU
		{2F9E0857-2DD1-4BF7-9E61-4AF1C279849B}.Release|Any CPU.Build.0 = Release|Any CPU
		{577E09A4-F9D3-4DA5-B156-90F644BCF252}.Debug|Any CPU.ActiveCfg = Debug|Any CPU
		{577E09A4-F9D3-4DA5-B156-90F644BCF252}.Debug|Any CPU.Build.0 = Debug|Any CPU
		{577E09A4-F9D3-4DA5-B156-90F644BCF252}.Release|Any CPU.ActiveCfg = Release|Any CPU
		{577E09A4-F9D3-4DA5-B156-90F644BCF252}.Release|Any CPU.Build.0 = Release|Any CPU
		{DA0A15A3-47A8-46AA-B24D-EC85D46BF169}.Debug|Any CPU.ActiveCfg = Debug|Any CPU
		{DA0A15A3-47A8-46AA-B24D-EC85D46BF169}.Debug|Any CPU.Build.0 = Debug|Any CPU
		{DA0A15A3-47A8-46AA-B24D-EC85D46BF169}.Release|Any CPU.ActiveCfg = Release|Any CPU
		{DA0A15A3-47A8-46AA-B24D-EC85D46BF169}.Release|Any CPU.Build.0 = Release|Any CPU
		{F2458A22-F086-4A81-A5CE-59559A2EC63E}.Debug|Any CPU.ActiveCfg = Debug|Any CPU
		{F2458A22-F086-4A81-A5CE-59559A2EC63E}.Debug|Any CPU.Build.0 = Debug|Any CPU
		{F2458A22-F086-4A81-A5CE-59559A2EC63E}.Release|Any CPU.ActiveCfg = Release|Any CPU
		{F2458A22-F086-4A81-A5CE-59559A2EC63E}.Release|Any CPU.Build.0 = Release|Any CPU
	EndGlobalSection
	GlobalSection(SolutionProperties) = preSolution
		HideSolutionNode = FALSE
	EndGlobalSection
	GlobalSection(NestedProjects) = preSolution
		{537796F2-8DD3-497A-B7B0-BE6AA5CCADA6} = {2BD45483-6E08-8D8D-8130-F11346EE9468}
		{E15240A1-C470-48CB-851C-8CB432FDE8F5} = {2BD45483-6E08-8D8D-8130-F11346EE9468}
		{42CCF5A8-FEB5-484C-A5B0-568E2653DC25} = {2BD45483-6E08-8D8D-8130-F11346EE9468}
		{48996E6E-5AFC-4EE5-BBD1-FD767295EBF9} = {36D591C7-65C7-A0D1-1CBC-10CDE441BDC8}
		{3F7E067A-66B5-4BC8-9AB5-469074F14913} = {36D591C7-65C7-A0D1-1CBC-10CDE441BDC8}
		{03BFC206-20FA-4B68-B0D0-6F3FAE91A7C5} = {36D591C7-65C7-A0D1-1CBC-10CDE441BDC8}
		{4DE85035-C036-409F-B4B3-D64CE3ED68C2} = {640163F2-B250-4B31-BE9F-AB27AF754973}
		{01109873-8376-40B3-BD35-AD8065139822} = {640163F2-B250-4B31-BE9F-AB27AF754973}
		{EF76DF04-3B79-4858-B874-F6A663DB4F53} = {640163F2-B250-4B31-BE9F-AB27AF754973}
		{57D38EE8-38F8-4911-91FF-A6734D1F0505} = {81CE2B6E-748C-4ACD-AA2C-939E15F5DE89}
		{92B3522C-AADB-4FB2-9C95-DEF374EE3E49} = {81CE2B6E-748C-4ACD-AA2C-939E15F5DE89}
		{07EC6474-1A4F-4049-AE1F-9A75CAC08AC4} = {81CE2B6E-748C-4ACD-AA2C-939E15F5DE89}
		{D6D54DE4-B2FD-40C1-B829-456426FAC4DF} = {886C4F6D-5CAF-4046-845A-2E2F2D0A02EC}
		{76734EC1-ED21-4F60-B2D4-1A9EA7084588} = {886C4F6D-5CAF-4046-845A-2E2F2D0A02EC}
		{40A0BC45-EA2E-4523-B3F1-597416F7D2AA} = {886C4F6D-5CAF-4046-845A-2E2F2D0A02EC}
		{87E7EA63-FCB3-48C8-A021-93A7050A9FEB} = {926D5DAF-ABA7-4A9A-92E2-C49E8B8763A5}
		{25EDE11C-85C8-4FA5-B3AF-A5379D630F43} = {926D5DAF-ABA7-4A9A-92E2-C49E8B8763A5}
		{2F9E0857-2DD1-4BF7-9E61-4AF1C279849B} = {926D5DAF-ABA7-4A9A-92E2-C49E8B8763A5}
		{577E09A4-F9D3-4DA5-B156-90F644BCF252} = {4F45FA36-A522-489C-817F-543AE1DC4547}
		{DA0A15A3-47A8-46AA-B24D-EC85D46BF169} = {4F45FA36-A522-489C-817F-543AE1DC4547}
		{F2458A22-F086-4A81-A5CE-59559A2EC63E} = {4F45FA36-A522-489C-817F-543AE1DC4547}
	EndGlobalSection
	GlobalSection(ExtensibilityGlobals) = postSolution
		SolutionGuid = {81F9D0AB-5BAD-4B4C-BB69-81E00F9AFB5C}
	EndGlobalSection
EndGlobal
